
Microsoft Visual Studio Solution File, Format Version 12.00
# Visual Studio Version 17
VisualStudioVersion = 17.9.34723.18
MinimumVisualStudioVersion = 10.0.40219.1
Project("{2150E333-8FDC-42A3-9474-1A3956D46DE8}") = "Presentation", "Presentation", "{E8D755F0-2FDC-4AED-AD9A-B0CC98602B9A}"
EndProject
Project("{9A19103F-16F7-4668-BE54-9A1E7A4F7556}") = "Web", "Presentation\Web\Web.csproj", "{06601F99-B03C-48BD-BE5A-01D011CE391C}"
EndProject
Global
	GlobalSection(SolutionConfigurationPlatforms) = preSolution
		Debug|Any CPU = Debug|Any CPU
		Release|Any CPU = Release|Any CPU
	EndGlobalSection
	GlobalSection(ProjectConfigurationPlatforms) = postSolution
		{06601F99-B03C-48BD-BE5A-01D011CE391C}.Debug|Any CPU.ActiveCfg = Debug|Any CPU
		{06601F99-B03C-48BD-BE5A-01D011CE391C}.Debug|Any CPU.Build.0 = Debug|Any CPU
		{06601F99-B03C-48BD-BE5A-01D011CE391C}.Release|Any CPU.ActiveCfg = Release|Any CPU
		{06601F99-B03C-48BD-BE5A-01D011CE391C}.Release|Any CPU.Build.0 = Release|Any CPU
	EndGlobalSection
	GlobalSection(SolutionProperties) = preSolution
		HideSolutionNode = FALSE
	EndGlobalSection
	GlobalSection(NestedProjects) = preSolution
		{06601F99-B03C-48BD-BE5A-01D011CE391C} = {E8D755F0-2FDC-4AED-AD9A-B0CC98602B9A}
	EndGlobalSection
	GlobalSection(ExtensibilityGlobals) = postSolution
		SolutionGuid = {B349DE58-ABB5-4A5F-8540-C38B4EF571B2}
	EndGlobalSection
EndGlobal
